// !$*UTF8*$!
{
	archiveVersion = 1;
	classes = {
	};
	objectVersion = 56;
	objects = {

/* Begin PBXBuildFile section */
		4BDA15272AA2968B0002A02B /* LearnAppApp.swift in Sources */ = {isa = PBXBuildFile; fileRef = 4BDA15262AA2968B0002A02B /* LearnAppApp.swift */; };
		4BDA15292AA2968B0002A02B /* ContentView.swift in Sources */ = {isa = PBXBuildFile; fileRef = 4BDA15282AA2968B0002A02B /* ContentView.swift */; };
		4BDA152B2AA2968C0002A02B /* Assets.xcassets in Resources */ = {isa = PBXBuildFile; fileRef = 4BDA152A2AA2968C0002A02B /* Assets.xcassets */; };
		4BDA152E2AA2968C0002A02B /* Preview Assets.xcassets in Resources */ = {isa = PBXBuildFile; fileRef = 4BDA152D2AA2968C0002A02B /* Preview Assets.xcassets */; };
		4BDA15382AA2968C0002A02B /* LearnAppTests.swift in Sources */ = {isa = PBXBuildFile; fileRef = 4BDA15372AA2968C0002A02B /* LearnAppTests.swift */; };
		4BDA15422AA2968C0002A02B /* LearnAppUITests.swift in Sources */ = {isa = PBXBuildFile; fileRef = 4BDA15412AA2968C0002A02B /* LearnAppUITests.swift */; };
		4BDA15442AA2968C0002A02B /* LearnAppUITestsLaunchTests.swift in Sources */ = {isa = PBXBuildFile; fileRef = 4BDA15432AA2968C0002A02B /* LearnAppUITestsLaunchTests.swift */; };
/* End PBXBuildFile section */

/* Begin PBXContainerItemProxy section */
		4BDA15342AA2968C0002A02B /* PBXContainerItemProxy */ = {
			isa = PBXContainerItemProxy;
			containerPortal = 4BDA151B2AA2968B0002A02B /* Project object */;
			proxyType = 1;
			remoteGlobalIDString = 4BDA15222AA2968B0002A02B;
			remoteInfo = LearnApp;
		};
		4BDA153E2AA2968C0002A02B /* PBXContainerItemProxy */ = {
			isa = PBXContainerItemProxy;
			containerPortal = 4BDA151B2AA2968B0002A02B /* Project object */;
			proxyType = 1;
			remoteGlobalIDString = 4BDA15222AA2968B0002A02B;
			remoteInfo = LearnApp;
		};
/* End PBXContainerItemProxy section */

/* Begin PBXFileReference section */
		4BDA15232AA2968B0002A02B /* LearnApp.app */ = {isa = PBXFileReference; explicitFileType = wrapper.application; includeInIndex = 0; path = LearnApp.app; sourceTree = BUILT_PRODUCTS_DIR; };
		4BDA15262AA2968B0002A02B /* LearnAppApp.swift */ = {isa = PBXFileReference; lastKnownFileType = sourcecode.swift; path = LearnAppApp.swift; sourceTree = "<group>"; };
		4BDA15282AA2968B0002A02B /* ContentView.swift */ = {isa = PBXFileReference; lastKnownFileType = sourcecode.swift; path = ContentView.swift; sourceTree = "<group>"; };
		4BDA152A2AA2968C0002A02B /* Assets.xcassets */ = {isa = PBXFileReference; lastKnownFileType = folder.assetcatalog; path = Assets.xcassets; sourceTree = "<group>"; };
		4BDA152D2AA2968C0002A02B /* Preview Assets.xcassets */ = {isa = PBXFileReference; lastKnownFileType = folder.assetcatalog; path = "Preview Assets.xcassets"; sourceTree = "<group>"; };
		4BDA15332AA2968C0002A02B /* LearnAppTests.xctest */ = {isa = PBXFileReference; explicitFileType = wrapper.cfbundle; includeInIndex = 0; path = LearnAppTests.xctest; sourceTree = BUILT_PRODUCTS_DIR; };
		4BDA15372AA2968C0002A02B /* LearnAppTests.swift */ = {isa = PBXFileReference; lastKnownFileType = sourcecode.swift; path = LearnAppTests.swift; sourceTree = "<group>"; };
		4BDA153D2AA2968C0002A02B /* LearnAppUITests.xctest */ = {isa = PBXFileReference; explicitFileType = wrapper.cfbundle; includeInIndex = 0; path = LearnAppUITests.xctest; sourceTree = BUILT_PRODUCTS_DIR; };
		4BDA15412AA2968C0002A02B /* LearnAppUITests.swift */ = {isa = PBXFileReference; lastKnownFileType = sourcecode.swift; path = LearnAppUITests.swift; sourceTree = "<group>"; };
		4BDA15432AA2968C0002A02B /* LearnAppUITestsLaunchTests.swift */ = {isa = PBXFileReference; lastKnownFileType = sourcecode.swift; path = LearnAppUITestsLaunchTests.swift; sourceTree = "<group>"; };
/* End PBXFileReference section */

/* Begin PBXFrameworksBuildPhase section */
		4BDA15202AA2968B0002A02B /* Frameworks */ = {
			isa = PBXFrameworksBuildPhase;
			buildActionMask = 2147483647;
			files = (
			);
			runOnlyForDeploymentPostprocessing = 0;
		};
		4BDA15302AA2968C0002A02B /* Frameworks */ = {
			isa = PBXFrameworksBuildPhase;
			buildActionMask = 2147483647;
			files = (
			);
			runOnlyForDeploymentPostprocessing = 0;
		};
		4BDA153A2AA2968C0002A02B /* Frameworks */ = {
			isa = PBXFrameworksBuildPhase;
			buildActionMask = 2147483647;
			files = (
			);
			runOnlyForDeploymentPostprocessing = 0;
		};
/* End PBXFrameworksBuildPhase section */

/* Begin PBXGroup section */
		4BDA151A2AA2968B0002A02B = {
			isa = PBXGroup;
			children = (
				4BDA15252AA2968B0002A02B /* LearnApp */,
				4BDA15362AA2968C0002A02B /* LearnAppTests */,
				4BDA15402AA2968C0002A02B /* LearnAppUITests */,
				4BDA15242AA2968B0002A02B /* Products */,
			);
			sourceTree = "<group>";
		};
		4BDA15242AA2968B0002A02B /* Products */ = {
			isa = PBXGroup;
			children = (
				4BDA15232AA2968B0002A02B /* LearnApp.app */,
				4BDA15332AA2968C0002A02B /* LearnAppTests.xctest */,
				4BDA153D2AA2968C0002A02B /* LearnAppUITests.xctest */,
			);
			name = Products;
			sourceTree = "<group>";
		};
		4BDA15252AA2968B0002A02B /* LearnApp */ = {
			isa = PBXGroup;
			children = (
				4BDA15262AA2968B0002A02B /* LearnAppApp.swift */,
				4BDA15282AA2968B0002A02B /* ContentView.swift */,
				4BDA152A2AA2968C0002A02B /* Assets.xcassets */,
				4BDA152C2AA2968C0002A02B /* Preview Content */,
			);
			path = LearnApp;
			sourceTree = "<group>";
		};
		4BDA152C2AA2968C0002A02B /* Preview Content */ = {
			isa = PBXGroup;
			children = (
				4BDA152D2AA2968C0002A02B /* Preview Assets.xcassets */,
			);
			path = "Preview Content";
			sourceTree = "<group>";
		};
		4BDA15362AA2968C0002A02B /* LearnAppTests */ = {
			isa = PBXGroup;
			children = (
				4BDA15372AA2968C0002A02B /* LearnAppTests.swift */,
			);
			path = LearnAppTests;
			sourceTree = "<group>";
		};
		4BDA15402AA2968C0002A02B /* LearnAppUITests */ = {
			isa = PBXGroup;
			children = (
				4BDA15412AA2968C0002A02B /* LearnAppUITests.swift */,
				4BDA15432AA2968C0002A02B /* LearnAppUITestsLaunchTests.swift */,
			);
			path = LearnAppUITests;
			sourceTree = "<group>";
		};
/* End PBXGroup section */

/* Begin PBXNativeTarget section */
		4BDA15222AA2968B0002A02B /* LearnApp */ = {
			isa = PBXNativeTarget;
			buildConfigurationList = 4BDA15472AA2968C0002A02B /* Build configuration list for PBXNativeTarget "LearnApp" */;
			buildPhases = (
				4BDA151F2AA2968B0002A02B /* Sources */,
				4BDA15202AA2968B0002A02B /* Frameworks */,
				4BDA15212AA2968B0002A02B /* Resources */,
			);
			buildRules = (
			);
			dependencies = (
			);
			name = LearnApp;
			productName = LearnApp;
			productReference = 4BDA15232AA2968B0002A02B /* LearnApp.app */;
			productType = "com.apple.product-type.application";
		};
		4BDA15322AA2968C0002A02B /* LearnAppTests */ = {
			isa = PBXNativeTarget;
			buildConfigurationList = 4BDA154A2AA2968C0002A02B /* Build configuration list for PBXNativeTarget "LearnAppTests" */;
			buildPhases = (
				4BDA152F2AA2968C0002A02B /* Sources */,
				4BDA15302AA2968C0002A02B /* Frameworks */,
				4BDA15312AA2968C0002A02B /* Resources */,
			);
			buildRules = (
			);
			dependencies = (
				4BDA15352AA2968C0002A02B /* PBXTargetDependency */,
			);
			name = LearnAppTests;
			productName = LearnAppTests;
			productReference = 4BDA15332AA2968C0002A02B /* LearnAppTests.xctest */;
			productType = "com.apple.product-type.bundle.unit-test";
		};
		4BDA153C2AA2968C0002A02B /* LearnAppUITests */ = {
			isa = PBXNativeTarget;
			buildConfigurationList = 4BDA154D2AA2968C0002A02B /* Build configuration list for PBXNativeTarget "LearnAppUITests" */;
			buildPhases = (
				4BDA15392AA2968C0002A02B /* Sources */,
				4BDA153A2AA2968C0002A02B /* Frameworks */,
				4BDA153B2AA2968C0002A02B /* Resources */,
			);
			buildRules = (
			);
			dependencies = (
				4BDA153F2AA2968C0002A02B /* PBXTargetDependency */,
			);
			name = LearnAppUITests;
			productName = LearnAppUITests;
			productReference = 4BDA153D2AA2968C0002A02B /* LearnAppUITests.xctest */;
			productType = "com.apple.product-type.bundle.ui-testing";
		};
/* End PBXNativeTarget section */

/* Begin PBXProject section */
		4BDA151B2AA2968B0002A02B /* Project object */ = {
			isa = PBXProject;
			attributes = {
				BuildIndependentTargetsInParallel = 1;
				LastSwiftUpdateCheck = 1430;
				LastUpgradeCheck = 1430;
				TargetAttributes = {
					4BDA15222AA2968B0002A02B = {
						CreatedOnToolsVersion = 14.3.1;
					};
					4BDA15322AA2968C0002A02B = {
						CreatedOnToolsVersion = 14.3.1;
						TestTargetID = 4BDA15222AA2968B0002A02B;
					};
					4BDA153C2AA2968C0002A02B = {
						CreatedOnToolsVersion = 14.3.1;
						TestTargetID = 4BDA15222AA2968B0002A02B;
					};
				};
			};
			buildConfigurationList = 4BDA151E2AA2968B0002A02B /* Build configuration list for PBXProject "LearnApp" */;
			compatibilityVersion = "Xcode 14.0";
			developmentRegion = en;
			hasScannedForEncodings = 0;
			knownRegions = (
				en,
				Base,
			);
			mainGroup = 4BDA151A2AA2968B0002A02B;
			productRefGroup = 4BDA15242AA2968B0002A02B /* Products */;
			projectDirPath = "";
			projectRoot = "";
			targets = (
				4BDA15222AA2968B0002A02B /* LearnApp */,
				4BDA15322AA2968C0002A02B /* LearnAppTests */,
				4BDA153C2AA2968C0002A02B /* LearnAppUITests */,
			);
		};
/* End PBXProject section */

/* Begin PBXResourcesBuildPhase section */
		4BDA15212AA2968B0002A02B /* Resources */ = {
			isa = PBXResourcesBuildPhase;
			buildActionMask = 2147483647;
			files = (
				4BDA152E2AA2968C0002A02B /* Preview Assets.xcassets in Resources */,
				4BDA152B2AA2968C0002A02B /* Assets.xcassets in Resources */,
			);
			runOnlyForDeploymentPostprocessing = 0;
		};
		4BDA15312AA2968C0002A02B /* Resources */ = {
			isa = PBXResourcesBuildPhase;
			buildActionMask = 2147483647;
			files = (
			);
			runOnlyForDeploymentPostprocessing = 0;
		};
		4BDA153B2AA2968C0002A02B /* Resources */ = {
			isa = PBXResourcesBuildPhase;
			buildActionMask = 2147483647;
			files = (
			);
			runOnlyForDeploymentPostprocessing = 0;
		};
/* End PBXResourcesBuildPhase section */

/* Begin PBXSourcesBuildPhase section */
		4BDA151F2AA2968B0002A02B /* Sources */ = {
			isa = PBXSourcesBuildPhase;
			buildActionMask = 2147483647;
			files = (
				4BDA15292AA2968B0002A02B /* ContentView.swift in Sources */,
				4BDA15272AA2968B0002A02B /* LearnAppApp.swift in Sources */,
			);
			runOnlyForDeploymentPostprocessing = 0;
		};
		4BDA152F2AA2968C0002A02B /* Sources */ = {
			isa = PBXSourcesBuildPhase;
			buildActionMask = 2147483647;
			files = (
				4BDA15382AA2968C0002A02B /* LearnAppTests.swift in Sources */,
			);
			runOnlyForDeploymentPostprocessing = 0;
		};
		4BDA15392AA2968C0002A02B /* Sources */ = {
			isa = PBXSourcesBuildPhase;
			buildActionMask = 2147483647;
			files = (
				4BDA15442AA2968C0002A02B /* LearnAppUITestsLaunchTests.swift in Sources */,
				4BDA15422AA2968C0002A02B /* LearnAppUITests.swift in Sources */,
			);
			runOnlyForDeploymentPostprocessing = 0;
		};
/* End PBXSourcesBuildPhase section */

/* Begin PBXTargetDependency section */
		4BDA15352AA2968C0002A02B /* PBXTargetDependency */ = {
			isa = PBXTargetDependency;
			target = 4BDA15222AA2968B0002A02B /* LearnApp */;
			targetProxy = 4BDA15342AA2968C0002A02B /* PBXContainerItemProxy */;
		};
		4BDA153F2AA2968C0002A02B /* PBXTargetDependency */ = {
			isa = PBXTargetDependency;
			target = 4BDA15222AA2968B0002A02B /* LearnApp */;
			targetProxy = 4BDA153E2AA2968C0002A02B /* PBXContainerItemProxy */;
		};
/* End PBXTargetDependency section */

/* Begin XCBuildConfiguration section */
		4BDA15452AA2968C0002A02B /* Debug */ = {
			isa = XCBuildConfiguration;
			buildSettings = {
				ALWAYS_SEARCH_USER_PATHS = NO;
				CLANG_ANALYZER_NONNULL = YES;
				CLANG_ANALYZER_NUMBER_OBJECT_CONVERSION = YES_AGGRESSIVE;
				CLANG_CXX_LANGUAGE_STANDARD = "gnu++20";
				CLANG_ENABLE_MODULES = YES;
				CLANG_ENABLE_OBJC_ARC = YES;
				CLANG_ENABLE_OBJC_WEAK = YES;
				CLANG_WARN_BLOCK_CAPTURE_AUTORELEASING = YES;
				CLANG_WARN_BOOL_CONVERSION = YES;
				CLANG_WARN_COMMA = YES;
				CLANG_WARN_CONSTANT_CONVERSION = YES;
				CLANG_WARN_DEPRECATED_OBJC_IMPLEMENTATIONS = YES;
				CLANG_WARN_DIRECT_OBJC_ISA_USAGE = YES_ERROR;
				CLANG_WARN_DOCUMENTATION_COMMENTS = YES;
				CLANG_WARN_EMPTY_BODY = YES;
				CLANG_WARN_ENUM_CONVERSION = YES;
				CLANG_WARN_INFINITE_RECURSION = YES;
				CLANG_WARN_INT_CONVERSION = YES;
				CLANG_WARN_NON_LITERAL_NULL_CONVERSION = YES;
				CLANG_WARN_OBJC_IMPLICIT_RETAIN_SELF = YES;
				CLANG_WARN_OBJC_LITERAL_CONVERSION = YES;
				CLANG_WARN_OBJC_ROOT_CLASS = YES_ERROR;
				CLANG_WARN_QUOTED_INCLUDE_IN_FRAMEWORK_HEADER = YES;
				CLANG_WARN_RANGE_LOOP_ANALYSIS = YES;
				CLANG_WARN_STRICT_PROTOTYPES = YES;
				CLANG_WARN_SUSPICIOUS_MOVE = YES;
				CLANG_WARN_UNGUARDED_AVAILABILITY = YES_AGGRESSIVE;
				CLANG_WARN_UNREACHABLE_CODE = YES;
				CLANG_WARN__DUPLICATE_METHOD_MATCH = YES;
				COPY_PHASE_STRIP = NO;
				DEBUG_INFORMATION_FORMAT = dwarf;
				ENABLE_STRICT_OBJC_MSGSEND = YES;
				ENABLE_TESTABILITY = YES;
				GCC_C_LANGUAGE_STANDARD = gnu11;
				GCC_DYNAMIC_NO_PIC = NO;
				GCC_NO_COMMON_BLOCKS = YES;
				GCC_OPTIMIZATION_LEVEL = 0;
				GCC_PREPROCESSOR_DEFINITIONS = (
					"DEBUG=1",
					"$(inherited)",
				);
				GCC_WARN_64_TO_32_BIT_CONVERSION = YES;
				GCC_WARN_ABOUT_RETURN_TYPE = YES_ERROR;
				GCC_WARN_UNDECLARED_SELECTOR = YES;
				GCC_WARN_UNINITIALIZED_AUTOS = YES_AGGRESSIVE;
				GCC_WARN_UNUSED_FUNCTION = YES;
				GCC_WARN_UNUSED_VARIABLE = YES;
				IPHONEOS_DEPLOYMENT_TARGET = 16.4;
				MTL_ENABLE_DEBUG_INFO = INCLUDE_SOURCE;
				MTL_FAST_MATH = YES;
				ONLY_ACTIVE_ARCH = YES;
				SDKROOT = iphoneos;
				SWIFT_ACTIVE_COMPILATION_CONDITIONS = DEBUG;
				SWIFT_OPTIMIZATION_LEVEL = "-Onone";
			};
			name = Debug;
		};
		4BDA15462AA2968C0002A02B /* Release */ = {
			isa = XCBuildConfiguration;
			buildSettings = {
				ALWAYS_SEARCH_USER_PATHS = NO;
				CLANG_ANALYZER_NONNULL = YES;
				CLANG_ANALYZER_NUMBER_OBJECT_CONVERSION = YES_AGGRESSIVE;
				CLANG_CXX_LANGUAGE_STANDARD = "gnu++20";
				CLANG_ENABLE_MODULES = YES;
				CLANG_ENABLE_OBJC_ARC = YES;
				CLANG_ENABLE_OBJC_WEAK = YES;
				CLANG_WARN_BLOCK_CAPTURE_AUTORELEASING = YES;
				CLANG_WARN_BOOL_CONVERSION = YES;
				CLANG_WARN_COMMA = YES;
				CLANG_WARN_CONSTANT_CONVERSION = YES;
				CLANG_WARN_DEPRECATED_OBJC_IMPLEMENTATIONS = YES;
				CLANG_WARN_DIRECT_OBJC_ISA_USAGE = YES_ERROR;
				CLANG_WARN_DOCUMENTATION_COMMENTS = YES;
				CLANG_WARN_EMPTY_BODY = YES;
				CLANG_WARN_ENUM_CONVERSION = YES;
				CLANG_WARN_INFINITE_RECURSION = YES;
				CLANG_WARN_INT_CONVERSION = YES;
				CLANG_WARN_NON_LITERAL_NULL_CONVERSION = YES;
				CLANG_WARN_OBJC_IMPLICIT_RETAIN_SELF = YES;
				CLANG_WARN_OBJC_LITERAL_CONVERSION = YES;
				CLANG_WARN_OBJC_ROOT_CLASS = YES_ERROR;
				CLANG_WARN_QUOTED_INCLUDE_IN_FRAMEWORK_HEADER = YES;
				CLANG_WARN_RANGE_LOOP_ANALYSIS = YES;
				CLANG_WARN_STRICT_PROTOTYPES = YES;
				CLANG_WARN_SUSPICIOUS_MOVE = YES;
				CLANG_WARN_UNGUARDED_AVAILABILITY = YES_AGGRESSIVE;
				CLANG_WARN_UNREACHABLE_CODE = YES;
				CLANG_WARN__DUPLICATE_METHOD_MATCH = YES;
				COPY_PHASE_STRIP = NO;
				DEBUG_INFORMATION_FORMAT = "dwarf-with-dsym";
				ENABLE_NS_ASSERTIONS = NO;
				ENABLE_STRICT_OBJC_MSGSEND = YES;
				GCC_C_LANGUAGE_STANDARD = gnu11;
				GCC_NO_COMMON_BLOCKS = YES;
				GCC_WARN_64_TO_32_BIT_CONVERSION = YES;
				GCC_WARN_ABOUT_RETURN_TYPE = YES_ERROR;
				GCC_WARN_UNDECLARED_SELECTOR = YES;
				GCC_WARN_UNINITIALIZED_AUTOS = YES_AGGRESSIVE;
				GCC_WARN_UNUSED_FUNCTION = YES;
				GCC_WARN_UNUSED_VARIABLE = YES;
				IPHONEOS_DEPLOYMENT_TARGET = 16.4;
				MTL_ENABLE_DEBUG_INFO = NO;
				MTL_FAST_MATH = YES;
				SDKROOT = iphoneos;
				SWIFT_COMPILATION_MODE = wholemodule;
				SWIFT_OPTIMIZATION_LEVEL = "-O";
				VALIDATE_PRODUCT = YES;
			};
			name = Release;
		};
		4BDA15482AA2968C0002A02B /* Debug */ = {
			isa = XCBuildConfiguration;
			buildSettings = {
				ASSETCATALOG_COMPILER_APPICON_NAME = AppIcon;
				ASSETCATALOG_COMPILER_GLOBAL_ACCENT_COLOR_NAME = AccentColor;
				CODE_SIGN_STYLE = Automatic;
				CURRENT_PROJECT_VERSION = 1;
				DEVELOPMENT_ASSET_PATHS = "\"LearnApp/Preview Content\"";
				ENABLE_PREVIEWS = YES;
				GENERATE_INFOPLIST_FILE = YES;
				INFOPLIST_KEY_UIApplicationSceneManifest_Generation = YES;
				INFOPLIST_KEY_UIApplicationSupportsIndirectInputEvents = YES;
				INFOPLIST_KEY_UILaunchScreen_Generation = YES;
				INFOPLIST_KEY_UISupportedInterfaceOrientations_iPad = "UIInterfaceOrientationPortrait UIInterfaceOrientationPortraitUpsideDown UIInterfaceOrientationLandscapeLeft UIInterfaceOrientationLandscapeRight";
				INFOPLIST_KEY_UISupportedInterfaceOrientations_iPhone = "UIInterfaceOrientationPortrait UIInterfaceOrientationLandscapeLeft UIInterfaceOrientationLandscapeRight";
				LD_RUNPATH_SEARCH_PATHS = (
					"$(inherited)",
					"@executable_path/Frameworks",
				);
				MARKETING_VERSION = 1.0;
				PRODUCT_BUNDLE_IDENTIFIER = com.ammaarm.LearnApp;
				PRODUCT_NAME = "$(TARGET_NAME)";
				SWIFT_EMIT_LOC_STRINGS = YES;
				SWIFT_VERSION = 5.0;
				TARGETED_DEVICE_FAMILY = "1,2";
			};
			name = Debug;
		};
		4BDA15492AA2968C0002A02B /* Release */ = {
			isa = XCBuildConfiguration;
			buildSettings = {
				ASSETCATALOG_COMPILER_APPICON_NAME = AppIcon;
				ASSETCATALOG_COMPILER_GLOBAL_ACCENT_COLOR_NAME = AccentColor;
				CODE_SIGN_STYLE = Automatic;
				CURRENT_PROJECT_VERSION = 1;
				DEVELOPMENT_ASSET_PATHS = "\"LearnApp/Preview Content\"";
				ENABLE_PREVIEWS = YES;
				GENERATE_INFOPLIST_FILE = YES;
				INFOPLIST_KEY_UIApplicationSceneManifest_Generation = YES;
				INFOPLIST_KEY_UIApplicationSupportsIndirectInputEvents = YES;
				INFOPLIST_KEY_UILaunchScreen_Generation = YES;
				INFOPLIST_KEY_UISupportedInterfaceOrientations_iPad = "UIInterfaceOrientationPortrait UIInterfaceOrientationPortraitUpsideDown UIInterfaceOrientationLandscapeLeft UIInterfaceOrientationLandscapeRight";
				INFOPLIST_KEY_UISupportedInterfaceOrientations_iPhone = "UIInterfaceOrientationPortrait UIInterfaceOrientationLandscapeLeft UIInterfaceOrientationLandscapeRight";
				LD_RUNPATH_SEARCH_PATHS = (
					"$(inherited)",
					"@executable_path/Frameworks",
				);
				MARKETING_VERSION = 1.0;
				PRODUCT_BUNDLE_IDENTIFIER = com.ammaarm.LearnApp;
				PRODUCT_NAME = "$(TARGET_NAME)";
				SWIFT_EMIT_LOC_STRINGS = YES;
				SWIFT_VERSION = 5.0;
				TARGETED_DEVICE_FAMILY = "1,2";
			};
			name = Release;
		};
		4BDA154B2AA2968C0002A02B /* Debug */ = {
			isa = XCBuildConfiguration;
			buildSettings = {
				ALWAYS_EMBED_SWIFT_STANDARD_LIBRARIES = YES;
				BUNDLE_LOADER = "$(TEST_HOST)";
				CODE_SIGN_STYLE = Automatic;
				CURRENT_PROJECT_VERSION = 1;
				GENERATE_INFOPLIST_FILE = YES;
				IPHONEOS_DEPLOYMENT_TARGET = 16.4;
				MARKETING_VERSION = 1.0;
				PRODUCT_BUNDLE_IDENTIFIER = com.ammaarm.LearnAppTests;
				PRODUCT_NAME = "$(TARGET_NAME)";
				SWIFT_EMIT_LOC_STRINGS = NO;
				SWIFT_VERSION = 5.0;
				TARGETED_DEVICE_FAMILY = "1,2";
				TEST_HOST = "$(BUILT_PRODUCTS_DIR)/LearnApp.app/$(BUNDLE_EXECUTABLE_FOLDER_PATH)/LearnApp";
			};
			name = Debug;
		};
		4BDA154C2AA2968C0002A02B /* Release */ = {
			isa = XCBuildConfiguration;
			buildSettings = {
				ALWAYS_EMBED_SWIFT_STANDARD_LIBRARIES = YES;
				BUNDLE_LOADER = "$(TEST_HOST)";
				CODE_SIGN_STYLE = Automatic;
				CURRENT_PROJECT_VERSION = 1;
				GENERATE_INFOPLIST_FILE = YES;
				IPHONEOS_DEPLOYMENT_TARGET = 16.4;
				MARKETING_VERSION = 1.0;
				PRODUCT_BUNDLE_IDENTIFIER = com.ammaarm.LearnAppTests;
				PRODUCT_NAME = "$(TARGET_NAME)";
				SWIFT_EMIT_LOC_STRINGS = NO;
				SWIFT_VERSION = 5.0;
				TARGETED_DEVICE_FAMILY = "1,2";
				TEST_HOST = "$(BUILT_PRODUCTS_DIR)/LearnApp.app/$(BUNDLE_EXECUTABLE_FOLDER_PATH)/LearnApp";
			};
			name = Release;
		};
		4BDA154E2AA2968C0002A02B /* Debug */ = {
			isa = XCBuildConfiguration;
			buildSettings = {
				ALWAYS_EMBED_SWIFT_STANDARD_LIBRARIES = YES;
				CODE_SIGN_STYLE = Automatic;
				CURRENT_PROJECT_VERSION = 1;
				GENERATE_INFOPLIST_FILE = YES;
				MARKETING_VERSION = 1.0;
				PRODUCT_BUNDLE_IDENTIFIER = com.ammaarm.LearnAppUITests;
				PRODUCT_NAME = "$(TARGET_NAME)";
				SWIFT_EMIT_LOC_STRINGS = NO;
				SWIFT_VERSION = 5.0;
				TARGETED_DEVICE_FAMILY = "1,2";
				TEST_TARGET_NAME = LearnApp;
			};
			name = Debug;
		};
		4BDA154F2AA2968C0002A02B /* Release */ = {
			isa = XCBuildConfiguration;
			buildSettings = {
				ALWAYS_EMBED_SWIFT_STANDARD_LIBRARIES = YES;
				CODE_SIGN_STYLE = Automatic;
				CURRENT_PROJECT_VERSION = 1;
				GENERATE_INFOPLIST_FILE = YES;
				MARKETING_VERSION = 1.0;
				PRODUCT_BUNDLE_IDENTIFIER = com.ammaarm.LearnAppUITests;
				PRODUCT_NAME = "$(TARGET_NAME)";
				SWIFT_EMIT_LOC_STRINGS = NO;
				SWIFT_VERSION = 5.0;
				TARGETED_DEVICE_FAMILY = "1,2";
				TEST_TARGET_NAME = LearnApp;
			};
			name = Release;
		};
/* End XCBuildConfiguration section */

/* Begin XCConfigurationList section */
		4BDA151E2AA2968B0002A02B /* Build configuration list for PBXProject "LearnApp" */ = {
			isa = XCConfigurationList;
			buildConfigurations = (
				4BDA15452AA2968C0002A02B /* Debug */,
				4BDA15462AA2968C0002A02B /* Release */,
			);
			defaultConfigurationIsVisible = 0;
			defaultConfigurationName = Release;
		};
		4BDA15472AA2968C0002A02B /* Build configuration list for PBXNativeTarget "LearnApp" */ = {
			isa = XCConfigurationList;
			buildConfigurations = (
				4BDA15482AA2968C0002A02B /* Debug */,
				4BDA15492AA2968C0002A02B /* Release */,
			);
			defaultConfigurationIsVisible = 0;
			defaultConfigurationName = Release;
		};
		4BDA154A2AA2968C0002A02B /* Build configuration list for PBXNativeTarget "LearnAppTests" */ = {
			isa = XCConfigurationList;
			buildConfigurations = (
				4BDA154B2AA2968C0002A02B /* Debug */,
				4BDA154C2AA2968C0002A02B /* Release */,
			);
			defaultConfigurationIsVisible = 0;
			defaultConfigurationName = Release;
		};
		4BDA154D2AA2968C0002A02B /* Build configuration list for PBXNativeTarget "LearnAppUITests" */ = {
			isa = XCConfigurationList;
			buildConfigurations = (
				4BDA154E2AA2968C0002A02B /* Debug */,
				4BDA154F2AA2968C0002A02B /* Release */,
			);
			defaultConfigurationIsVisible = 0;
			defaultConfigurationName = Release;
		};
/* End XCConfigurationList section */
	};
	rootObject = 4BDA151B2AA2968B0002A02B /* Project object */;
}
